{
    "_meta": {
        "hash": {
            "sha256": "c0f36fca321da519f4277c14e9471a1197c236de99b20d5af0f9163870223d83"
        },
        "pipfile-spec": 6,
        "requires": {
            "python_version": "3.10"
        },
        "sources": [
            {
                "name": "pypi",
                "url": "https://pypi.org/simple",
                "verify_ssl": true
            }
        ]
    },
    "default": {
        "async-timeout": {
            "hashes": [
                "sha256:2163e1640ddb52b7a8c80d0a67a08587e5d245cc9c553a74a847056bc2976b15",
                "sha256:8ca1e4fcf50d07413d66d1a5e416e42cfdf5851c981d679a09851a6853383b3c"
            ],
            "markers": "python_version < '3.11'",
            "version": "==4.0.2"
        },
        "redis": {
            "hashes": [
                "sha256:4b12b3a1e9bfb43dc533330ec6d142329d0c27ea6bb6716a9d0389e8f2038a4e",
                "sha256:d8ae1a4f725eea6e3958411870fdf944c587b00ea12be28d3bd5575d8f26430c"
            ],
            "index": "pypi",
            "version": "==4.5.2"
        },
        "walrus": {
            "hashes": [
                "sha256:66217658830bc335ed832e4801e3e4f5ea7814576be468eca823237ad9930eae"
            ],
            "index": "pypi",
            "version": "==0.9.2"
        }
    },
    "develop": {}
}
