{
    "_meta": {
        "hash": {
            "sha256": "c0f36fca321da519f4277c14e9471a1197c236de99b20d5af0f9163870223d83"
        },
        "pipfile-spec": 6,
        "requires": {
            "python_version": "3.10"
        },
        "sources": [
            {
                "name": "pypi",
                "url": "https://pypi.org/simple",
                "verify_ssl": true
            }
        ]
    },
    "default": {
        "async-timeout": {
            "hashes": [
                "sha256:2163e1640ddb52b7a8c80d0a67a08587e5d245cc9c553a74a847056bc2976b15",
                "sha256:8ca1e4fcf50d07413d66d1a5e416e42cfdf5851c981d679a09851a6853383b3c"
            ],
            "markers": "python_version >= '3.6'",
            "version": "==4.0.2"
        },
        "redis": {
            "hashes": [
                "sha256:a010f6cb7378065040a02839c3f75c7e0fb37a87116fb4a95be82a95552776c7",
                "sha256:e6206448e2f8a432871d07d432c13ed6c2abcf6b74edb436c99752b1371be387"
            ],
            "index": "pypi",
            "version": "==4.4.2"
        },
        "walrus": {
            "hashes": [
                "sha256:66217658830bc335ed832e4801e3e4f5ea7814576be468eca823237ad9930eae"
            ],
            "index": "pypi",
            "version": "==0.9.2"
        }
    },
    "develop": {}
}
